
Microsoft Visual Studio Solution File, Format Version 12.00
# Visual Studio Version 17
VisualStudioVersion = 17.6.33829.357
MinimumVisualStudioVersion = 10.0.40219.1
Project("{FAE04EC0-301F-11D3-BF4B-00C04F79EFBC}") = "PM2Ejercicio2.3.Android", "PM2Ejercicio2.3\PM2Ejercicio2.3.Android\PM2Ejercicio2.3.Android.csproj", "{9AC84468-6380-4FDC-A31E-887C33567C16}"
EndProject
Project("{FAE04EC0-301F-11D3-BF4B-00C04F79EFBC}") = "PM2Ejercicio2.3", "PM2Ejercicio2.3\PM2Ejercicio2.3\PM2Ejercicio2.3.csproj", "{5126A0EF-8B8A-437D-9C12-B284EE590544}"
EndProject
Global
	GlobalSection(SolutionConfigurationPlatforms) = preSolution
		Debug|Any CPU = Debug|Any CPU
		Release|Any CPU = Release|Any CPU
	EndGlobalSection
	GlobalSection(ProjectConfigurationPlatforms) = postSolution
		{9AC84468-6380-4FDC-A31E-887C33567C16}.Debug|Any CPU.ActiveCfg = Debug|Any CPU
		{9AC84468-6380-4FDC-A31E-887C33567C16}.Debug|Any CPU.Build.0 = Debug|Any CPU
		{9AC84468-6380-4FDC-A31E-887C33567C16}.Debug|Any CPU.Deploy.0 = Debug|Any CPU
		{9AC84468-6380-4FDC-A31E-887C33567C16}.Release|Any CPU.ActiveCfg = Release|Any CPU
		{9AC84468-6380-4FDC-A31E-887C33567C16}.Release|Any CPU.Build.0 = Release|Any CPU
		{9AC84468-6380-4FDC-A31E-887C33567C16}.Release|Any CPU.Deploy.0 = Release|Any CPU
		{5126A0EF-8B8A-437D-9C12-B284EE590544}.Debug|Any CPU.ActiveCfg = Debug|Any CPU
		{5126A0EF-8B8A-437D-9C12-B284EE590544}.Debug|Any CPU.Build.0 = Debug|Any CPU
		{5126A0EF-8B8A-437D-9C12-B284EE590544}.Debug|Any CPU.Deploy.0 = Debug|Any CPU
		{5126A0EF-8B8A-437D-9C12-B284EE590544}.Release|Any CPU.ActiveCfg = Release|Any CPU
		{5126A0EF-8B8A-437D-9C12-B284EE590544}.Release|Any CPU.Build.0 = Release|Any CPU
		{5126A0EF-8B8A-437D-9C12-B284EE590544}.Release|Any CPU.Deploy.0 = Release|Any CPU
	EndGlobalSection
	GlobalSection(SolutionProperties) = preSolution
		HideSolutionNode = FALSE
	EndGlobalSection
	GlobalSection(ExtensibilityGlobals) = postSolution
		SolutionGuid = {F1010C58-771E-46AD-92B2-B6BDB2A5CFC3}
	EndGlobalSection
EndGlobal
